// !$*UTF8*$!
{
	archiveVersion = 1;
	classes = {
	};
	objectVersion = 46;
	objects = {

/* Begin PBXBuildFile section */
		12F3168B5718DA75C4716C5F /* Pods_WeatherWear.framework in Frameworks */ = {isa = PBXBuildFile; fileRef = 5939C53B425EF7C601EB50AA /* Pods_WeatherWear.framework */; };
		2257286D1E9708200088D64A /* MainViewController.swift in Sources */ = {isa = PBXBuildFile; fileRef = 2257286C1E9708200088D64A /* MainViewController.swift */; };
		433B1CE11E9D851900F7E856 /* SettingsTableViewController.swift in Sources */ = {isa = PBXBuildFile; fileRef = 433B1CE01E9D851900F7E856 /* SettingsTableViewController.swift */; };
		433B1CE31E9D8C2A00F7E856 /* ProfileViewController.swift in Sources */ = {isa = PBXBuildFile; fileRef = 433B1CE21E9D8C2A00F7E856 /* ProfileViewController.swift */; };
		4360A37C1E8B108C0031757E /* AppDelegate.swift in Sources */ = {isa = PBXBuildFile; fileRef = 4360A37B1E8B108C0031757E /* AppDelegate.swift */; };
		4360A37E1E8B108C0031757E /* ViewController.swift in Sources */ = {isa = PBXBuildFile; fileRef = 4360A37D1E8B108C0031757E /* ViewController.swift */; };
		4360A3811E8B108C0031757E /* Main.storyboard in Resources */ = {isa = PBXBuildFile; fileRef = 4360A37F1E8B108C0031757E /* Main.storyboard */; };
		4360A3831E8B108C0031757E /* Assets.xcassets in Resources */ = {isa = PBXBuildFile; fileRef = 4360A3821E8B108C0031757E /* Assets.xcassets */; };
		4360A3861E8B108C0031757E /* LaunchScreen.storyboard in Resources */ = {isa = PBXBuildFile; fileRef = 4360A3841E8B108C0031757E /* LaunchScreen.storyboard */; };
		9046252D1E970BAD00805DDD /* OpenWeatherAPI.swift in Sources */ = {isa = PBXBuildFile; fileRef = 9046252C1E970BAD00805DDD /* OpenWeatherAPI.swift */; };
		9071702E1E94633400CA73E2 /* SignInViewController.swift in Sources */ = {isa = PBXBuildFile; fileRef = 9071702D1E94633400CA73E2 /* SignInViewController.swift */; };
		90B532AB1EB2B917004E8021 /* WeatherCondition.swift in Sources */ = {isa = PBXBuildFile; fileRef = 90B532AA1EB2B917004E8021 /* WeatherCondition.swift */; };
/* End PBXBuildFile section */

/* Begin PBXFileReference section */
		2257286C1E9708200088D64A /* MainViewController.swift */ = {isa = PBXFileReference; fileEncoding = 4; lastKnownFileType = sourcecode.swift; path = MainViewController.swift; sourceTree = "<group>"; };
		3AD9CD3FF5F66EAE7F9A74A6 /* Pods-WeatherWear.release.xcconfig */ = {isa = PBXFileReference; includeInIndex = 1; lastKnownFileType = text.xcconfig; name = "Pods-WeatherWear.release.xcconfig"; path = "Pods/Target Support Files/Pods-WeatherWear/Pods-WeatherWear.release.xcconfig"; sourceTree = "<group>"; };
		433B1CE01E9D851900F7E856 /* SettingsTableViewController.swift */ = {isa = PBXFileReference; fileEncoding = 4; lastKnownFileType = sourcecode.swift; path = SettingsTableViewController.swift; sourceTree = "<group>"; };
		433B1CE21E9D8C2A00F7E856 /* ProfileViewController.swift */ = {isa = PBXFileReference; fileEncoding = 4; lastKnownFileType = sourcecode.swift; path = ProfileViewController.swift; sourceTree = "<group>"; };
		4360A3781E8B108C0031757E /* WeatherWear.app */ = {isa = PBXFileReference; explicitFileType = wrapper.application; includeInIndex = 0; path = WeatherWear.app; sourceTree = BUILT_PRODUCTS_DIR; };
		4360A37B1E8B108C0031757E /* AppDelegate.swift */ = {isa = PBXFileReference; lastKnownFileType = sourcecode.swift; path = AppDelegate.swift; sourceTree = "<group>"; };
		4360A37D1E8B108C0031757E /* ViewController.swift */ = {isa = PBXFileReference; lastKnownFileType = sourcecode.swift; path = ViewController.swift; sourceTree = "<group>"; };
		4360A3801E8B108C0031757E /* Base */ = {isa = PBXFileReference; lastKnownFileType = file.storyboard; name = Base; path = Base.lproj/Main.storyboard; sourceTree = "<group>"; };
		4360A3821E8B108C0031757E /* Assets.xcassets */ = {isa = PBXFileReference; lastKnownFileType = folder.assetcatalog; path = Assets.xcassets; sourceTree = "<group>"; };
		4360A3851E8B108C0031757E /* Base */ = {isa = PBXFileReference; lastKnownFileType = file.storyboard; name = Base; path = Base.lproj/LaunchScreen.storyboard; sourceTree = "<group>"; };
		4360A3871E8B108C0031757E /* Info.plist */ = {isa = PBXFileReference; lastKnownFileType = text.plist.xml; path = Info.plist; sourceTree = "<group>"; };
		5939C53B425EF7C601EB50AA /* Pods_WeatherWear.framework */ = {isa = PBXFileReference; explicitFileType = wrapper.framework; includeInIndex = 0; path = Pods_WeatherWear.framework; sourceTree = BUILT_PRODUCTS_DIR; };
		6661FB35246857E443F2A99F /* Pods-WeatherWear.debug.xcconfig */ = {isa = PBXFileReference; includeInIndex = 1; lastKnownFileType = text.xcconfig; name = "Pods-WeatherWear.debug.xcconfig"; path = "Pods/Target Support Files/Pods-WeatherWear/Pods-WeatherWear.debug.xcconfig"; sourceTree = "<group>"; };
		9046252C1E970BAD00805DDD /* OpenWeatherAPI.swift */ = {isa = PBXFileReference; fileEncoding = 4; lastKnownFileType = sourcecode.swift; path = OpenWeatherAPI.swift; sourceTree = "<group>"; };
		9071702D1E94633400CA73E2 /* SignInViewController.swift */ = {isa = PBXFileReference; fileEncoding = 4; lastKnownFileType = sourcecode.swift; path = SignInViewController.swift; sourceTree = "<group>"; };
		90B532AA1EB2B917004E8021 /* WeatherCondition.swift */ = {isa = PBXFileReference; fileEncoding = 4; lastKnownFileType = sourcecode.swift; path = WeatherCondition.swift; sourceTree = "<group>"; };
/* End PBXFileReference section */

/* Begin PBXFrameworksBuildPhase section */
		4360A3751E8B108C0031757E /* Frameworks */ = {
			isa = PBXFrameworksBuildPhase;
			buildActionMask = 2147483647;
			files = (
				12F3168B5718DA75C4716C5F /* Pods_WeatherWear.framework in Frameworks */,
			);
			runOnlyForDeploymentPostprocessing = 0;
		};
/* End PBXFrameworksBuildPhase section */

/* Begin PBXGroup section */
		4360A36F1E8B108C0031757E = {
			isa = PBXGroup;
			children = (
				4360A37A1E8B108C0031757E /* WeatherWear */,
				4360A3791E8B108C0031757E /* Products */,
				CA48989A8546D9029C67CA2E /* Pods */,
				9064598BA180D355B6B647B2 /* Frameworks */,
			);
			sourceTree = "<group>";
		};
		4360A3791E8B108C0031757E /* Products */ = {
			isa = PBXGroup;
			children = (
				4360A3781E8B108C0031757E /* WeatherWear.app */,
			);
			name = Products;
			sourceTree = "<group>";
		};
		4360A37A1E8B108C0031757E /* WeatherWear */ = {
			isa = PBXGroup;
			children = (
				90B532A91EB2B8E7004E8021 /* Mod */,
				9046252B1E970B9800805DDD /* Client */,
				9071702C1E94632100CA73E2 /* VC */,
				4360A37B1E8B108C0031757E /* AppDelegate.swift */,
				4360A37D1E8B108C0031757E /* ViewController.swift */,
				4360A37F1E8B108C0031757E /* Main.storyboard */,
				4360A3821E8B108C0031757E /* Assets.xcassets */,
				4360A3841E8B108C0031757E /* LaunchScreen.storyboard */,
				4360A3871E8B108C0031757E /* Info.plist */,
			);
			path = WeatherWear;
			sourceTree = "<group>";
		};
		9046252B1E970B9800805DDD /* Client */ = {
			isa = PBXGroup;
			children = (
				9046252C1E970BAD00805DDD /* OpenWeatherAPI.swift */,
			);
			name = Client;
			sourceTree = "<group>";
		};
		9064598BA180D355B6B647B2 /* Frameworks */ = {
			isa = PBXGroup;
			children = (
				5939C53B425EF7C601EB50AA /* Pods_WeatherWear.framework */,
			);
			name = Frameworks;
			sourceTree = "<group>";
		};
		9071702C1E94632100CA73E2 /* VC */ = {
			isa = PBXGroup;
			children = (
				2257286C1E9708200088D64A /* MainViewController.swift */,
				9071702D1E94633400CA73E2 /* SignInViewController.swift */,
				433B1CE01E9D851900F7E856 /* SettingsTableViewController.swift */,
				433B1CE21E9D8C2A00F7E856 /* ProfileViewController.swift */,
			);
			name = VC;
			sourceTree = "<group>";
		};
		90B532A91EB2B8E7004E8021 /* Mod */ = {
			isa = PBXGroup;
			children = (
				90B532AA1EB2B917004E8021 /* WeatherCondition.swift */,
			);
			name = Mod;
			sourceTree = "<group>";
		};
		CA48989A8546D9029C67CA2E /* Pods */ = {
			isa = PBXGroup;
			children = (
				6661FB35246857E443F2A99F /* Pods-WeatherWear.debug.xcconfig */,
				3AD9CD3FF5F66EAE7F9A74A6 /* Pods-WeatherWear.release.xcconfig */,
			);
			name = Pods;
			sourceTree = "<group>";
		};
/* End PBXGroup section */

/* Begin PBXNativeTarget section */
		4360A3771E8B108C0031757E /* WeatherWear */ = {
			isa = PBXNativeTarget;
			buildConfigurationList = 4360A38A1E8B108C0031757E /* Build configuration list for PBXNativeTarget "WeatherWear" */;
			buildPhases = (
				9FAA4D392285258C38D688C2 /* [CP] Check Pods Manifest.lock */,
				4360A3741E8B108C0031757E /* Sources */,
				4360A3751E8B108C0031757E /* Frameworks */,
				4360A3761E8B108C0031757E /* Resources */,
				4B0CA422E7E0466396F1E469 /* [CP] Embed Pods Frameworks */,
				2D1E3706DCA217F799F8F648 /* [CP] Copy Pods Resources */,
			);
			buildRules = (
			);
			dependencies = (
			);
			name = WeatherWear;
			productName = WeatherWear;
			productReference = 4360A3781E8B108C0031757E /* WeatherWear.app */;
			productType = "com.apple.product-type.application";
		};
/* End PBXNativeTarget section */

/* Begin PBXProject section */
		4360A3701E8B108C0031757E /* Project object */ = {
			isa = PBXProject;
			attributes = {
				LastSwiftUpdateCheck = 0820;
				LastUpgradeCheck = 0820;
				ORGANIZATIONNAME = "Matthew Lee";
				TargetAttributes = {
					4360A3771E8B108C0031757E = {
						CreatedOnToolsVersion = 8.2.1;
						DevelopmentTeam = 3N89MDGQGG;
						ProvisioningStyle = Automatic;
					};
				};
			};
			buildConfigurationList = 4360A3731E8B108C0031757E /* Build configuration list for PBXProject "WeatherWear" */;
			compatibilityVersion = "Xcode 3.2";
			developmentRegion = English;
			hasScannedForEncodings = 0;
			knownRegions = (
				en,
				Base,
			);
			mainGroup = 4360A36F1E8B108C0031757E;
			productRefGroup = 4360A3791E8B108C0031757E /* Products */;
			projectDirPath = "";
			projectRoot = "";
			targets = (
				4360A3771E8B108C0031757E /* WeatherWear */,
			);
		};
/* End PBXProject section */

/* Begin PBXResourcesBuildPhase section */
		4360A3761E8B108C0031757E /* Resources */ = {
			isa = PBXResourcesBuildPhase;
			buildActionMask = 2147483647;
			files = (
				4360A3861E8B108C0031757E /* LaunchScreen.storyboard in Resources */,
				4360A3831E8B108C0031757E /* Assets.xcassets in Resources */,
				4360A3811E8B108C0031757E /* Main.storyboard in Resources */,
			);
			runOnlyForDeploymentPostprocessing = 0;
		};
/* End PBXResourcesBuildPhase section */

/* Begin PBXShellScriptBuildPhase section */
		2D1E3706DCA217F799F8F648 /* [CP] Copy Pods Resources */ = {
			isa = PBXShellScriptBuildPhase;
			buildActionMask = 2147483647;
			files = (
			);
			inputPaths = (
			);
			name = "[CP] Copy Pods Resources";
			outputPaths = (
			);
			runOnlyForDeploymentPostprocessing = 0;
			shellPath = /bin/sh;
			shellScript = "\"${SRCROOT}/Pods/Target Support Files/Pods-WeatherWear/Pods-WeatherWear-resources.sh\"\n";
			showEnvVarsInLog = 0;
		};
		4B0CA422E7E0466396F1E469 /* [CP] Embed Pods Frameworks */ = {
			isa = PBXShellScriptBuildPhase;
			buildActionMask = 2147483647;
			files = (
			);
			inputPaths = (
			);
			name = "[CP] Embed Pods Frameworks";
			outputPaths = (
			);
			runOnlyForDeploymentPostprocessing = 0;
			shellPath = /bin/sh;
			shellScript = "\"${SRCROOT}/Pods/Target Support Files/Pods-WeatherWear/Pods-WeatherWear-frameworks.sh\"\n";
			showEnvVarsInLog = 0;
		};
		9FAA4D392285258C38D688C2 /* [CP] Check Pods Manifest.lock */ = {
			isa = PBXShellScriptBuildPhase;
			buildActionMask = 2147483647;
			files = (
			);
			inputPaths = (
			);
			name = "[CP] Check Pods Manifest.lock";
			outputPaths = (
			);
			runOnlyForDeploymentPostprocessing = 0;
			shellPath = /bin/sh;
			shellScript = "diff \"${PODS_ROOT}/../Podfile.lock\" \"${PODS_ROOT}/Manifest.lock\" > /dev/null\nif [ $? != 0 ] ; then\n    # print error to STDERR\n    echo \"error: The sandbox is not in sync with the Podfile.lock. Run 'pod install' or update your CocoaPods installation.\" >&2\n    exit 1\nfi\n";
			showEnvVarsInLog = 0;
		};
/* End PBXShellScriptBuildPhase section */

/* Begin PBXSourcesBuildPhase section */
		4360A3741E8B108C0031757E /* Sources */ = {
			isa = PBXSourcesBuildPhase;
			buildActionMask = 2147483647;
			files = (
				90B532AB1EB2B917004E8021 /* WeatherCondition.swift in Sources */,
				4360A37E1E8B108C0031757E /* ViewController.swift in Sources */,
				9046252D1E970BAD00805DDD /* OpenWeatherAPI.swift in Sources */,
				433B1CE11E9D851900F7E856 /* SettingsTableViewController.swift in Sources */,
				4360A37C1E8B108C0031757E /* AppDelegate.swift in Sources */,
				433B1CE31E9D8C2A00F7E856 /* ProfileViewController.swift in Sources */,
				9071702E1E94633400CA73E2 /* SignInViewController.swift in Sources */,
				2257286D1E9708200088D64A /* MainViewController.swift in Sources */,
			);
			runOnlyForDeploymentPostprocessing = 0;
		};
/* End PBXSourcesBuildPhase section */

/* Begin PBXVariantGroup section */
		4360A37F1E8B108C0031757E /* Main.storyboard */ = {
			isa = PBXVariantGroup;
			children = (
				4360A3801E8B108C0031757E /* Base */,
			);
			name = Main.storyboard;
			sourceTree = "<group>";
		};
		4360A3841E8B108C0031757E /* LaunchScreen.storyboard */ = {
			isa = PBXVariantGroup;
			children = (
				4360A3851E8B108C0031757E /* Base */,
			);
			name = LaunchScreen.storyboard;
			sourceTree = "<group>";
		};
/* End PBXVariantGroup section */

/* Begin XCBuildConfiguration section */
		4360A3881E8B108C0031757E /* Debug */ = {
			isa = XCBuildConfiguration;
			buildSettings = {
				ALWAYS_SEARCH_USER_PATHS = NO;
				CLANG_ANALYZER_NONNULL = YES;
				CLANG_CXX_LANGUAGE_STANDARD = "gnu++0x";
				CLANG_CXX_LIBRARY = "libc++";
				CLANG_ENABLE_MODULES = YES;
				CLANG_ENABLE_OBJC_ARC = YES;
				CLANG_WARN_BOOL_CONVERSION = YES;
				CLANG_WARN_CONSTANT_CONVERSION = YES;
				CLANG_WARN_DIRECT_OBJC_ISA_USAGE = YES_ERROR;
				CLANG_WARN_DOCUMENTATION_COMMENTS = YES;
				CLANG_WARN_EMPTY_BODY = YES;
				CLANG_WARN_ENUM_CONVERSION = YES;
				CLANG_WARN_INFINITE_RECURSION = YES;
				CLANG_WARN_INT_CONVERSION = YES;
				CLANG_WARN_OBJC_ROOT_CLASS = YES_ERROR;
				CLANG_WARN_SUSPICIOUS_MOVE = YES;
				CLANG_WARN_UNREACHABLE_CODE = YES;
				CLANG_WARN__DUPLICATE_METHOD_MATCH = YES;
				"CODE_SIGN_IDENTITY[sdk=iphoneos*]" = "iPhone Developer";
				COPY_PHASE_STRIP = NO;
				DEBUG_INFORMATION_FORMAT = dwarf;
				ENABLE_STRICT_OBJC_MSGSEND = YES;
				ENABLE_TESTABILITY = YES;
				GCC_C_LANGUAGE_STANDARD = gnu99;
				GCC_DYNAMIC_NO_PIC = NO;
				GCC_NO_COMMON_BLOCKS = YES;
				GCC_OPTIMIZATION_LEVEL = 0;
				GCC_PREPROCESSOR_DEFINITIONS = (
					"DEBUG=1",
					"$(inherited)",
				);
				GCC_WARN_64_TO_32_BIT_CONVERSION = YES;
				GCC_WARN_ABOUT_RETURN_TYPE = YES_ERROR;
				GCC_WARN_UNDECLARED_SELECTOR = YES;
				GCC_WARN_UNINITIALIZED_AUTOS = YES_AGGRESSIVE;
				GCC_WARN_UNUSED_FUNCTION = YES;
				GCC_WARN_UNUSED_VARIABLE = YES;
				IPHONEOS_DEPLOYMENT_TARGET = 10.2;
				MTL_ENABLE_DEBUG_INFO = YES;
				ONLY_ACTIVE_ARCH = YES;
				SDKROOT = iphoneos;
				SWIFT_ACTIVE_COMPILATION_CONDITIONS = DEBUG;
				SWIFT_OPTIMIZATION_LEVEL = "-Onone";
			};
			name = Debug;
		};
		4360A3891E8B108C0031757E /* Release */ = {
			isa = XCBuildConfiguration;
			buildSettings = {
				ALWAYS_SEARCH_USER_PATHS = NO;
				CLANG_ANALYZER_NONNULL = YES;
				CLANG_CXX_LANGUAGE_STANDARD = "gnu++0x";
				CLANG_CXX_LIBRARY = "libc++";
				CLANG_ENABLE_MODULES = YES;
				CLANG_ENABLE_OBJC_ARC = YES;
				CLANG_WARN_BOOL_CONVERSION = YES;
				CLANG_WARN_CONSTANT_CONVERSION = YES;
				CLANG_WARN_DIRECT_OBJC_ISA_USAGE = YES_ERROR;
				CLANG_WARN_DOCUMENTATION_COMMENTS = YES;
				CLANG_WARN_EMPTY_BODY = YES;
				CLANG_WARN_ENUM_CONVERSION = YES;
				CLANG_WARN_INFINITE_RECURSION = YES;
				CLANG_WARN_INT_CONVERSION = YES;
				CLANG_WARN_OBJC_ROOT_CLASS = YES_ERROR;
				CLANG_WARN_SUSPICIOUS_MOVE = YES;
				CLANG_WARN_UNREACHABLE_CODE = YES;
				CLANG_WARN__DUPLICATE_METHOD_MATCH = YES;
				"CODE_SIGN_IDENTITY[sdk=iphoneos*]" = "iPhone Developer";
				COPY_PHASE_STRIP = NO;
				DEBUG_INFORMATION_FORMAT = "dwarf-with-dsym";
				ENABLE_NS_ASSERTIONS = NO;
				ENABLE_STRICT_OBJC_MSGSEND = YES;
				GCC_C_LANGUAGE_STANDARD = gnu99;
				GCC_NO_COMMON_BLOCKS = YES;
				GCC_WARN_64_TO_32_BIT_CONVERSION = YES;
				GCC_WARN_ABOUT_RETURN_TYPE = YES_ERROR;
				GCC_WARN_UNDECLARED_SELECTOR = YES;
				GCC_WARN_UNINITIALIZED_AUTOS = YES_AGGRESSIVE;
				GCC_WARN_UNUSED_FUNCTION = YES;
				GCC_WARN_UNUSED_VARIABLE = YES;
				IPHONEOS_DEPLOYMENT_TARGET = 10.2;
				MTL_ENABLE_DEBUG_INFO = NO;
				SDKROOT = iphoneos;
				SWIFT_OPTIMIZATION_LEVEL = "-Owholemodule";
				VALIDATE_PRODUCT = YES;
			};
			name = Release;
		};
		4360A38B1E8B108C0031757E /* Debug */ = {
			isa = XCBuildConfiguration;
			baseConfigurationReference = 6661FB35246857E443F2A99F /* Pods-WeatherWear.debug.xcconfig */;
			buildSettings = {
				ASSETCATALOG_COMPILER_APPICON_NAME = AppIcon;
				DEVELOPMENT_TEAM = 3N89MDGQGG;
				INFOPLIST_FILE = WeatherWear/Info.plist;
				LD_RUNPATH_SEARCH_PATHS = "$(inherited) @executable_path/Frameworks";
				PRODUCT_BUNDLE_IDENTIFIER = com.matthewjunelee.WeatherWear;
				PRODUCT_NAME = "$(TARGET_NAME)";
				SWIFT_VERSION = 3.0;
			};
			name = Debug;
		};
		4360A38C1E8B108C0031757E /* Release */ = {
			isa = XCBuildConfiguration;
			baseConfigurationReference = 3AD9CD3FF5F66EAE7F9A74A6 /* Pods-WeatherWear.release.xcconfig */;
			buildSettings = {
				ASSETCATALOG_COMPILER_APPICON_NAME = AppIcon;
				DEVELOPMENT_TEAM = 3N89MDGQGG;
				INFOPLIST_FILE = WeatherWear/Info.plist;
				LD_RUNPATH_SEARCH_PATHS = "$(inherited) @executable_path/Frameworks";
				PRODUCT_BUNDLE_IDENTIFIER = com.matthewjunelee.WeatherWear;
				PRODUCT_NAME = "$(TARGET_NAME)";
				SWIFT_VERSION = 3.0;
			};
			name = Release;
		};
/* End XCBuildConfiguration section */

/* Begin XCConfigurationList section */
		4360A3731E8B108C0031757E /* Build configuration list for PBXProject "WeatherWear" */ = {
			isa = XCConfigurationList;
			buildConfigurations = (
				4360A3881E8B108C0031757E /* Debug */,
				4360A3891E8B108C0031757E /* Release */,
			);
			defaultConfigurationIsVisible = 0;
			defaultConfigurationName = Release;
		};
		4360A38A1E8B108C0031757E /* Build configuration list for PBXNativeTarget "WeatherWear" */ = {
			isa = XCConfigurationList;
			buildConfigurations = (
				4360A38B1E8B108C0031757E /* Debug */,
				4360A38C1E8B108C0031757E /* Release */,
			);
			defaultConfigurationIsVisible = 0;
			defaultConfigurationName = Release;
		};
/* End XCConfigurationList section */
	};
	rootObject = 4360A3701E8B108C0031757E /* Project object */;
}
